# This file is automatically @generated by Cargo.
# It is not intended for manual editing.
version = 4

[[package]]
name = "example"
version = "1.0.1"
dependencies = [
 "utf8sten",
]

[[package]]
name = "utf8sten"
version = "1.0.0"
source = "git+https://github.com/11mushroom/UTF8sten_lib_oxidised.git?tag=1.0.0#b9797b75e6bba4debe393702b30eaf7d3355289e"
